
Microsoft Visual Studio Solution File, Format Version 12.00
# Visual Studio Version 17
VisualStudioVersion = 17.3.32922.545
MinimumVisualStudioVersion = 10.0.40219.1
Project("{FAE04EC0-301F-11D3-BF4B-00C04F79EFBC}") = "WebApi", "WebApi.csproj", "{C809BEC4-BDC5-42E7-A998-ED1442B3D680}"
EndProject
Global
	GlobalSection(SolutionConfigurationPlatforms) = preSolution
		Debug|Any CPU = Debug|Any CPU
		Release|Any CPU = Release|Any CPU
	EndGlobalSection
	GlobalSection(ProjectConfigurationPlatforms) = postSolution
		{C809BEC4-BDC5-42E7-A998-ED1442B3D680}.Debug|Any CPU.ActiveCfg = Debug|Any CPU
		{C809BEC4-BDC5-42E7-A998-ED1442B3D680}.Debug|Any CPU.Build.0 = Debug|Any CPU
		{C809BEC4-BDC5-42E7-A998-ED1442B3D680}.Release|Any CPU.ActiveCfg = Release|Any CPU
		{C809BEC4-BDC5-42E7-A998-ED1442B3D680}.Release|Any CPU.Build.0 = Release|Any CPU
	EndGlobalSection
	GlobalSection(SolutionProperties) = preSolution
		HideSolutionNode = FALSE
	EndGlobalSection
	GlobalSection(ExtensibilityGlobals) = postSolution
		SolutionGuid = {F9B0EEDB-386B-4493-8794-D0FCCDCC0EEA}
	EndGlobalSection
EndGlobal
